// !$*UTF8*$!
{
	archiveVersion = 1;
	classes = {
	};
	objectVersion = 46;
	objects = {

/* Begin PBXBuildFile section */
		4BB0CE1F19224EA5000ABA5C /* bootstrap.css in Resources */ = {isa = PBXBuildFile; fileRef = 4BB0CE1E19224EA5000ABA5C /* bootstrap.css */; };
		4BF9237C191E2C3A00333FE8 /* Foundation.framework in Frameworks */ = {isa = PBXBuildFile; fileRef = 4BF9237B191E2C3A00333FE8 /* Foundation.framework */; };
		4BF9237E191E2C3A00333FE8 /* CoreGraphics.framework in Frameworks */ = {isa = PBXBuildFile; fileRef = 4BF9237D191E2C3A00333FE8 /* CoreGraphics.framework */; };
		4BF92380191E2C3A00333FE8 /* UIKit.framework in Frameworks */ = {isa = PBXBuildFile; fileRef = 4BF9237F191E2C3A00333FE8 /* UIKit.framework */; };
		4BF92386191E2C3A00333FE8 /* InfoPlist.strings in Resources */ = {isa = PBXBuildFile; fileRef = 4BF92384191E2C3A00333FE8 /* InfoPlist.strings */; };
		4BF92388191E2C3A00333FE8 /* main.m in Sources */ = {isa = PBXBuildFile; fileRef = 4BF92387191E2C3A00333FE8 /* main.m */; };
		4BF9238C191E2C3A00333FE8 /* AppDelegate.m in Sources */ = {isa = PBXBuildFile; fileRef = 4BF9238B191E2C3A00333FE8 /* AppDelegate.m */; };
		4BF9238F191E2C3A00333FE8 /* Main_iPhone.storyboard in Resources */ = {isa = PBXBuildFile; fileRef = 4BF9238D191E2C3A00333FE8 /* Main_iPhone.storyboard */; };
		4BF92392191E2C3A00333FE8 /* Main_iPad.storyboard in Resources */ = {isa = PBXBuildFile; fileRef = 4BF92390191E2C3A00333FE8 /* Main_iPad.storyboard */; };
		4BF92395191E2C3A00333FE8 /* ViewController.m in Sources */ = {isa = PBXBuildFile; fileRef = 4BF92394191E2C3A00333FE8 /* ViewController.m */; };
		4BF92397191E2C3A00333FE8 /* Images.xcassets in Resources */ = {isa = PBXBuildFile; fileRef = 4BF92396191E2C3A00333FE8 /* Images.xcassets */; };
		4BF9239E191E2C3A00333FE8 /* XCTest.framework in Frameworks */ = {isa = PBXBuildFile; fileRef = 4BF9239D191E2C3A00333FE8 /* XCTest.framework */; };
		4BF9239F191E2C3A00333FE8 /* Foundation.framework in Frameworks */ = {isa = PBXBuildFile; fileRef = 4BF9237B191E2C3A00333FE8 /* Foundation.framework */; };
		4BF923A0191E2C3A00333FE8 /* UIKit.framework in Frameworks */ = {isa = PBXBuildFile; fileRef = 4BF9237F191E2C3A00333FE8 /* UIKit.framework */; };
		4BF923A8191E2C3A00333FE8 /* InfoPlist.strings in Resources */ = {isa = PBXBuildFile; fileRef = 4BF923A6191E2C3A00333FE8 /* InfoPlist.strings */; };
		4BF923AA191E2C3A00333FE8 /* GridTableViewTests.m in Sources */ = {isa = PBXBuildFile; fileRef = 4BF923A9191E2C3A00333FE8 /* GridTableViewTests.m */; };
		4BF923BB191E3B1000333FE8 /* DynamicViewController.m in Sources */ = {isa = PBXBuildFile; fileRef = 4BF923BA191E3B1000333FE8 /* DynamicViewController.m */; };
		4BF92409191E431300333FE8 /* attribute.c in Sources */ = {isa = PBXBuildFile; fileRef = 4BF923EC191E431300333FE8 /* attribute.c */; };
		4BF9240A191E431300333FE8 /* char_ref.c in Sources */ = {isa = PBXBuildFile; fileRef = 4BF923EE191E431300333FE8 /* char_ref.c */; };
		4BF9240B191E431300333FE8 /* error.c in Sources */ = {isa = PBXBuildFile; fileRef = 4BF923F0191E431300333FE8 /* error.c */; };
		4BF9240C191E431300333FE8 /* parser.c in Sources */ = {isa = PBXBuildFile; fileRef = 4BF923F4191E431300333FE8 /* parser.c */; };
		4BF9240D191E431300333FE8 /* string_buffer.c in Sources */ = {isa = PBXBuildFile; fileRef = 4BF923F6191E431300333FE8 /* string_buffer.c */; };
		4BF9240E191E431300333FE8 /* string_piece.c in Sources */ = {isa = PBXBuildFile; fileRef = 4BF923F8191E431300333FE8 /* string_piece.c */; };
		4BF9240F191E431300333FE8 /* tag.c in Sources */ = {isa = PBXBuildFile; fileRef = 4BF923FA191E431300333FE8 /* tag.c */; };
		4BF92410191E431300333FE8 /* tokenizer.c in Sources */ = {isa = PBXBuildFile; fileRef = 4BF923FC191E431300333FE8 /* tokenizer.c */; };
		4BF92411191E431300333FE8 /* utf8.c in Sources */ = {isa = PBXBuildFile; fileRef = 4BF923FF191E431300333FE8 /* utf8.c */; };
		4BF92412191E431300333FE8 /* util.c in Sources */ = {isa = PBXBuildFile; fileRef = 4BF92401191E431300333FE8 /* util.c */; };
		4BF92413191E431300333FE8 /* vector.c in Sources */ = {isa = PBXBuildFile; fileRef = 4BF92403191E431300333FE8 /* vector.c */; };
		4BF92414191E431300333FE8 /* OCGumbo+Query.m in Sources */ = {isa = PBXBuildFile; fileRef = 4BF92406191E431300333FE8 /* OCGumbo+Query.m */; };
		4BF92415191E431300333FE8 /* OCGumbo.m in Sources */ = {isa = PBXBuildFile; fileRef = 4BF92408191E431300333FE8 /* OCGumbo.m */; };
		4BF9241C191E438C00333FE8 /* grid.css in Resources */ = {isa = PBXBuildFile; fileRef = 4BF9241A191E438C00333FE8 /* grid.css */; };
		4BF9241D191E438C00333FE8 /* index.html in Resources */ = {isa = PBXBuildFile; fileRef = 4BF9241B191E438C00333FE8 /* index.html */; };
		4BF92420191E4BBC00333FE8 /* ServiceTool.m in Sources */ = {isa = PBXBuildFile; fileRef = 4BF9241F191E4BBC00333FE8 /* ServiceTool.m */; };
/* End PBXBuildFile section */

/* Begin PBXContainerItemProxy section */
		4BF923A1191E2C3A00333FE8 /* PBXContainerItemProxy */ = {
			isa = PBXContainerItemProxy;
			containerPortal = 4BF92370191E2C3900333FE8 /* Project object */;
			proxyType = 1;
			remoteGlobalIDString = 4BF92377191E2C3A00333FE8;
			remoteInfo = GridTableView;
		};
/* End PBXContainerItemProxy section */

/* Begin PBXFileReference section */
		4BB0CE1E19224EA5000ABA5C /* bootstrap.css */ = {isa = PBXFileReference; fileEncoding = 4; lastKnownFileType = text.css; path = bootstrap.css; sourceTree = "<group>"; };
		4BF92378191E2C3A00333FE8 /* GridTableView.app */ = {isa = PBXFileReference; explicitFileType = wrapper.application; includeInIndex = 0; path = GridTableView.app; sourceTree = BUILT_PRODUCTS_DIR; };
		4BF9237B191E2C3A00333FE8 /* Foundation.framework */ = {isa = PBXFileReference; lastKnownFileType = wrapper.framework; name = Foundation.framework; path = System/Library/Frameworks/Foundation.framework; sourceTree = SDKROOT; };
		4BF9237D191E2C3A00333FE8 /* CoreGraphics.framework */ = {isa = PBXFileReference; lastKnownFileType = wrapper.framework; name = CoreGraphics.framework; path = System/Library/Frameworks/CoreGraphics.framework; sourceTree = SDKROOT; };
		4BF9237F191E2C3A00333FE8 /* UIKit.framework */ = {isa = PBXFileReference; lastKnownFileType = wrapper.framework; name = UIKit.framework; path = System/Library/Frameworks/UIKit.framework; sourceTree = SDKROOT; };
		4BF92383191E2C3A00333FE8 /* GridTableView-Info.plist */ = {isa = PBXFileReference; lastKnownFileType = text.plist.xml; path = "GridTableView-Info.plist"; sourceTree = "<group>"; };
		4BF92385191E2C3A00333FE8 /* en */ = {isa = PBXFileReference; lastKnownFileType = text.plist.strings; name = en; path = en.lproj/InfoPlist.strings; sourceTree = "<group>"; };
		4BF92387191E2C3A00333FE8 /* main.m */ = {isa = PBXFileReference; lastKnownFileType = sourcecode.c.objc; path = main.m; sourceTree = "<group>"; };
		4BF92389191E2C3A00333FE8 /* GridTableView-Prefix.pch */ = {isa = PBXFileReference; lastKnownFileType = sourcecode.c.h; path = "GridTableView-Prefix.pch"; sourceTree = "<group>"; };
		4BF9238A191E2C3A00333FE8 /* AppDelegate.h */ = {isa = PBXFileReference; lastKnownFileType = sourcecode.c.h; path = AppDelegate.h; sourceTree = "<group>"; };
		4BF9238B191E2C3A00333FE8 /* AppDelegate.m */ = {isa = PBXFileReference; lastKnownFileType = sourcecode.c.objc; path = AppDelegate.m; sourceTree = "<group>"; };
		4BF9238E191E2C3A00333FE8 /* Base */ = {isa = PBXFileReference; lastKnownFileType = file.storyboard; name = Base; path = Base.lproj/Main_iPhone.storyboard; sourceTree = "<group>"; };
		4BF92391191E2C3A00333FE8 /* Base */ = {isa = PBXFileReference; lastKnownFileType = file.storyboard; name = Base; path = Base.lproj/Main_iPad.storyboard; sourceTree = "<group>"; };
		4BF92393191E2C3A00333FE8 /* ViewController.h */ = {isa = PBXFileReference; lastKnownFileType = sourcecode.c.h; path = ViewController.h; sourceTree = "<group>"; };
		4BF92394191E2C3A00333FE8 /* ViewController.m */ = {isa = PBXFileReference; lastKnownFileType = sourcecode.c.objc; path = ViewController.m; sourceTree = "<group>"; };
		4BF92396191E2C3A00333FE8 /* Images.xcassets */ = {isa = PBXFileReference; lastKnownFileType = folder.assetcatalog; path = Images.xcassets; sourceTree = "<group>"; };
		4BF9239C191E2C3A00333FE8 /* GridTableViewTests.xctest */ = {isa = PBXFileReference; explicitFileType = wrapper.cfbundle; includeInIndex = 0; path = GridTableViewTests.xctest; sourceTree = BUILT_PRODUCTS_DIR; };
		4BF9239D191E2C3A00333FE8 /* XCTest.framework */ = {isa = PBXFileReference; lastKnownFileType = wrapper.framework; name = XCTest.framework; path = Library/Frameworks/XCTest.framework; sourceTree = DEVELOPER_DIR; };
		4BF923A5191E2C3A00333FE8 /* GridTableViewTests-Info.plist */ = {isa = PBXFileReference; lastKnownFileType = text.plist.xml; path = "GridTableViewTests-Info.plist"; sourceTree = "<group>"; };
		4BF923A7191E2C3A00333FE8 /* en */ = {isa = PBXFileReference; lastKnownFileType = text.plist.strings; name = en; path = en.lproj/InfoPlist.strings; sourceTree = "<group>"; };
		4BF923A9191E2C3A00333FE8 /* GridTableViewTests.m */ = {isa = PBXFileReference; lastKnownFileType = sourcecode.c.objc; path = GridTableViewTests.m; sourceTree = "<group>"; };
		4BF923B9191E3B1000333FE8 /* DynamicViewController.h */ = {isa = PBXFileReference; fileEncoding = 4; lastKnownFileType = sourcecode.c.h; path = DynamicViewController.h; sourceTree = "<group>"; };
		4BF923BA191E3B1000333FE8 /* DynamicViewController.m */ = {isa = PBXFileReference; fileEncoding = 4; lastKnownFileType = sourcecode.c.objc; path = DynamicViewController.m; sourceTree = "<group>"; };
		4BF923EC191E431300333FE8 /* attribute.c */ = {isa = PBXFileReference; fileEncoding = 4; lastKnownFileType = sourcecode.c.c; path = attribute.c; sourceTree = "<group>"; };
		4BF923ED191E431300333FE8 /* attribute.h */ = {isa = PBXFileReference; fileEncoding = 4; lastKnownFileType = sourcecode.c.h; path = attribute.h; sourceTree = "<group>"; };
		4BF923EE191E431300333FE8 /* char_ref.c */ = {isa = PBXFileReference; fileEncoding = 4; lastKnownFileType = sourcecode.c.c; path = char_ref.c; sourceTree = "<group>"; };
		4BF923EF191E431300333FE8 /* char_ref.h */ = {isa = PBXFileReference; fileEncoding = 4; lastKnownFileType = sourcecode.c.h; path = char_ref.h; sourceTree = "<group>"; };
		4BF923F0191E431300333FE8 /* error.c */ = {isa = PBXFileReference; fileEncoding = 4; lastKnownFileType = sourcecode.c.c; path = error.c; sourceTree = "<group>"; };
		4BF923F1191E431300333FE8 /* error.h */ = {isa = PBXFileReference; fileEncoding = 4; lastKnownFileType = sourcecode.c.h; path = error.h; sourceTree = "<group>"; };
		4BF923F2191E431300333FE8 /* gumbo.h */ = {isa = PBXFileReference; fileEncoding = 4; lastKnownFileType = sourcecode.c.h; path = gumbo.h; sourceTree = "<group>"; };
		4BF923F3191E431300333FE8 /* insertion_mode.h */ = {isa = PBXFileReference; fileEncoding = 4; lastKnownFileType = sourcecode.c.h; path = insertion_mode.h; sourceTree = "<group>"; };
		4BF923F4191E431300333FE8 /* parser.c */ = {isa = PBXFileReference; fileEncoding = 4; lastKnownFileType = sourcecode.c.c; path = parser.c; sourceTree = "<group>"; };
		4BF923F5191E431300333FE8 /* parser.h */ = {isa = PBXFileReference; fileEncoding = 4; lastKnownFileType = sourcecode.c.h; path = parser.h; sourceTree = "<group>"; };
		4BF923F6191E431300333FE8 /* string_buffer.c */ = {isa = PBXFileReference; fileEncoding = 4; lastKnownFileType = sourcecode.c.c; path = string_buffer.c; sourceTree = "<group>"; };
		4BF923F7191E431300333FE8 /* string_buffer.h */ = {isa = PBXFileReference; fileEncoding = 4; lastKnownFileType = sourcecode.c.h; path = string_buffer.h; sourceTree = "<group>"; };
		4BF923F8191E431300333FE8 /* string_piece.c */ = {isa = PBXFileReference; fileEncoding = 4; lastKnownFileType = sourcecode.c.c; path = string_piece.c; sourceTree = "<group>"; };
		4BF923F9191E431300333FE8 /* string_piece.h */ = {isa = PBXFileReference; fileEncoding = 4; lastKnownFileType = sourcecode.c.h; path = string_piece.h; sourceTree = "<group>"; };
		4BF923FA191E431300333FE8 /* tag.c */ = {isa = PBXFileReference; fileEncoding = 4; lastKnownFileType = sourcecode.c.c; path = tag.c; sourceTree = "<group>"; };
		4BF923FB191E431300333FE8 /* token_type.h */ = {isa = PBXFileReference; fileEncoding = 4; lastKnownFileType = sourcecode.c.h; path = token_type.h; sourceTree = "<group>"; };
		4BF923FC191E431300333FE8 /* tokenizer.c */ = {isa = PBXFileReference; fileEncoding = 4; lastKnownFileType = sourcecode.c.c; path = tokenizer.c; sourceTree = "<group>"; };
		4BF923FD191E431300333FE8 /* tokenizer.h */ = {isa = PBXFileReference; fileEncoding = 4; lastKnownFileType = sourcecode.c.h; path = tokenizer.h; sourceTree = "<group>"; };
		4BF923FE191E431300333FE8 /* tokenizer_states.h */ = {isa = PBXFileReference; fileEncoding = 4; lastKnownFileType = sourcecode.c.h; path = tokenizer_states.h; sourceTree = "<group>"; };
		4BF923FF191E431300333FE8 /* utf8.c */ = {isa = PBXFileReference; fileEncoding = 4; lastKnownFileType = sourcecode.c.c; path = utf8.c; sourceTree = "<group>"; };
		4BF92400191E431300333FE8 /* utf8.h */ = {isa = PBXFileReference; fileEncoding = 4; lastKnownFileType = sourcecode.c.h; path = utf8.h; sourceTree = "<group>"; };
		4BF92401191E431300333FE8 /* util.c */ = {isa = PBXFileReference; fileEncoding = 4; lastKnownFileType = sourcecode.c.c; path = util.c; sourceTree = "<group>"; };
		4BF92402191E431300333FE8 /* util.h */ = {isa = PBXFileReference; fileEncoding = 4; lastKnownFileType = sourcecode.c.h; path = util.h; sourceTree = "<group>"; };
		4BF92403191E431300333FE8 /* vector.c */ = {isa = PBXFileReference; fileEncoding = 4; lastKnownFileType = sourcecode.c.c; path = vector.c; sourceTree = "<group>"; };
		4BF92404191E431300333FE8 /* vector.h */ = {isa = PBXFileReference; fileEncoding = 4; lastKnownFileType = sourcecode.c.h; path = vector.h; sourceTree = "<group>"; };
		4BF92405191E431300333FE8 /* OCGumbo+Query.h */ = {isa = PBXFileReference; fileEncoding = 4; lastKnownFileType = sourcecode.c.h; path = "OCGumbo+Query.h"; sourceTree = "<group>"; };
		4BF92406191E431300333FE8 /* OCGumbo+Query.m */ = {isa = PBXFileReference; fileEncoding = 4; lastKnownFileType = sourcecode.c.objc; path = "OCGumbo+Query.m"; sourceTree = "<group>"; };
		4BF92407191E431300333FE8 /* OCGumbo.h */ = {isa = PBXFileReference; fileEncoding = 4; lastKnownFileType = sourcecode.c.h; path = OCGumbo.h; sourceTree = "<group>"; };
		4BF92408191E431300333FE8 /* OCGumbo.m */ = {isa = PBXFileReference; fileEncoding = 4; lastKnownFileType = sourcecode.c.objc; path = OCGumbo.m; sourceTree = "<group>"; };
		4BF9241A191E438C00333FE8 /* grid.css */ = {isa = PBXFileReference; fileEncoding = 4; lastKnownFileType = text.css; path = grid.css; sourceTree = "<group>"; };
		4BF9241B191E438C00333FE8 /* index.html */ = {isa = PBXFileReference; fileEncoding = 4; lastKnownFileType = text.html; path = index.html; sourceTree = "<group>"; };
		4BF9241E191E4BBC00333FE8 /* ServiceTool.h */ = {isa = PBXFileReference; fileEncoding = 4; lastKnownFileType = sourcecode.c.h; path = ServiceTool.h; sourceTree = "<group>"; };
		4BF9241F191E4BBC00333FE8 /* ServiceTool.m */ = {isa = PBXFileReference; fileEncoding = 4; lastKnownFileType = sourcecode.c.objc; path = ServiceTool.m; sourceTree = "<group>"; };
/* End PBXFileReference section */

/* Begin PBXFrameworksBuildPhase section */
		4BF92375191E2C3A00333FE8 /* Frameworks */ = {
			isa = PBXFrameworksBuildPhase;
			buildActionMask = 2147483647;
			files = (
				4BF9237E191E2C3A00333FE8 /* CoreGraphics.framework in Frameworks */,
				4BF92380191E2C3A00333FE8 /* UIKit.framework in Frameworks */,
				4BF9237C191E2C3A00333FE8 /* Foundation.framework in Frameworks */,
			);
			runOnlyForDeploymentPostprocessing = 0;
		};
		4BF92399191E2C3A00333FE8 /* Frameworks */ = {
			isa = PBXFrameworksBuildPhase;
			buildActionMask = 2147483647;
			files = (
				4BF9239E191E2C3A00333FE8 /* XCTest.framework in Frameworks */,
				4BF923A0191E2C3A00333FE8 /* UIKit.framework in Frameworks */,
				4BF9239F191E2C3A00333FE8 /* Foundation.framework in Frameworks */,
			);
			runOnlyForDeploymentPostprocessing = 0;
		};
/* End PBXFrameworksBuildPhase section */

/* Begin PBXGroup section */
		4BF9236F191E2C3900333FE8 = {
			isa = PBXGroup;
			children = (
				4BF92416191E435F00333FE8 /* Resources */,
				4BF923E9191E431300333FE8 /* 3dParty */,
				4BF92381191E2C3A00333FE8 /* GridTableView */,
				4BF923A3191E2C3A00333FE8 /* GridTableViewTests */,
				4BF9237A191E2C3A00333FE8 /* Frameworks */,
				4BF92379191E2C3A00333FE8 /* Products */,
			);
			sourceTree = "<group>";
		};
		4BF92379191E2C3A00333FE8 /* Products */ = {
			isa = PBXGroup;
			children = (
				4BF92378191E2C3A00333FE8 /* GridTableView.app */,
				4BF9239C191E2C3A00333FE8 /* GridTableViewTests.xctest */,
			);
			name = Products;
			sourceTree = "<group>";
		};
		4BF9237A191E2C3A00333FE8 /* Frameworks */ = {
			isa = PBXGroup;
			children = (
				4BF9237B191E2C3A00333FE8 /* Foundation.framework */,
				4BF9237D191E2C3A00333FE8 /* CoreGraphics.framework */,
				4BF9237F191E2C3A00333FE8 /* UIKit.framework */,
				4BF9239D191E2C3A00333FE8 /* XCTest.framework */,
			);
			name = Frameworks;
			sourceTree = "<group>";
		};
		4BF92381191E2C3A00333FE8 /* GridTableView */ = {
			isa = PBXGroup;
			children = (
				4BF923B7191E2D3100333FE8 /* GridSubView */,
				4BF9238A191E2C3A00333FE8 /* AppDelegate.h */,
				4BF9238B191E2C3A00333FE8 /* AppDelegate.m */,
				4BF9238D191E2C3A00333FE8 /* Main_iPhone.storyboard */,
				4BF92390191E2C3A00333FE8 /* Main_iPad.storyboard */,
				4BF92393191E2C3A00333FE8 /* ViewController.h */,
				4BF92394191E2C3A00333FE8 /* ViewController.m */,
				4BF92396191E2C3A00333FE8 /* Images.xcassets */,
				4BF92382191E2C3A00333FE8 /* Supporting Files */,
				4BF9241E191E4BBC00333FE8 /* ServiceTool.h */,
				4BF9241F191E4BBC00333FE8 /* ServiceTool.m */,
			);
			path = GridTableView;
			sourceTree = "<group>";
		};
		4BF92382191E2C3A00333FE8 /* Supporting Files */ = {
			isa = PBXGroup;
			children = (
				4BF92383191E2C3A00333FE8 /* GridTableView-Info.plist */,
				4BF92384191E2C3A00333FE8 /* InfoPlist.strings */,
				4BF92387191E2C3A00333FE8 /* main.m */,
				4BF92389191E2C3A00333FE8 /* GridTableView-Prefix.pch */,
			);
			name = "Supporting Files";
			sourceTree = "<group>";
		};
		4BF923A3191E2C3A00333FE8 /* GridTableViewTests */ = {
			isa = PBXGroup;
			children = (
				4BF923A9191E2C3A00333FE8 /* GridTableViewTests.m */,
				4BF923A4191E2C3A00333FE8 /* Supporting Files */,
			);
			path = GridTableViewTests;
			sourceTree = "<group>";
		};
		4BF923A4191E2C3A00333FE8 /* Supporting Files */ = {
			isa = PBXGroup;
			children = (
				4BF923A5191E2C3A00333FE8 /* GridTableViewTests-Info.plist */,
				4BF923A6191E2C3A00333FE8 /* InfoPlist.strings */,
			);
			name = "Supporting Files";
			sourceTree = "<group>";
		};
		4BF923B7191E2D3100333FE8 /* GridSubView */ = {
			isa = PBXGroup;
			children = (
				4BF923B9191E3B1000333FE8 /* DynamicViewController.h */,
				4BF923BA191E3B1000333FE8 /* DynamicViewController.m */,
			);
			path = GridSubView;
			sourceTree = "<group>";
		};
		4BF923E9191E431300333FE8 /* 3dParty */ = {
			isa = PBXGroup;
			children = (
				4BF923EA191E431300333FE8 /* OCGumbo */,
			);
			name = 3dParty;
			path = GridTableView/3dParty;
			sourceTree = "<group>";
		};
		4BF923EA191E431300333FE8 /* OCGumbo */ = {
			isa = PBXGroup;
			children = (
				4BF923EB191E431300333FE8 /* Gumbo */,
				4BF92405191E431300333FE8 /* OCGumbo+Query.h */,
				4BF92406191E431300333FE8 /* OCGumbo+Query.m */,
				4BF92407191E431300333FE8 /* OCGumbo.h */,
				4BF92408191E431300333FE8 /* OCGumbo.m */,
			);
			path = OCGumbo;
			sourceTree = "<group>";
		};
		4BF923EB191E431300333FE8 /* Gumbo */ = {
			isa = PBXGroup;
			children = (
				4BF923EC191E431300333FE8 /* attribute.c */,
				4BF923ED191E431300333FE8 /* attribute.h */,
				4BF923EE191E431300333FE8 /* char_ref.c */,
				4BF923EF191E431300333FE8 /* char_ref.h */,
				4BF923F0191E431300333FE8 /* error.c */,
				4BF923F1191E431300333FE8 /* error.h */,
				4BF923F2191E431300333FE8 /* gumbo.h */,
				4BF923F3191E431300333FE8 /* insertion_mode.h */,
				4BF923F4191E431300333FE8 /* parser.c */,
				4BF923F5191E431300333FE8 /* parser.h */,
				4BF923F6191E431300333FE8 /* string_buffer.c */,
				4BF923F7191E431300333FE8 /* string_buffer.h */,
				4BF923F8191E431300333FE8 /* string_piece.c */,
				4BF923F9191E431300333FE8 /* string_piece.h */,
				4BF923FA191E431300333FE8 /* tag.c */,
				4BF923FB191E431300333FE8 /* token_type.h */,
				4BF923FC191E431300333FE8 /* tokenizer.c */,
				4BF923FD191E431300333FE8 /* tokenizer.h */,
				4BF923FE191E431300333FE8 /* tokenizer_states.h */,
				4BF923FF191E431300333FE8 /* utf8.c */,
				4BF92400191E431300333FE8 /* utf8.h */,
				4BF92401191E431300333FE8 /* util.c */,
				4BF92402191E431300333FE8 /* util.h */,
				4BF92403191E431300333FE8 /* vector.c */,
				4BF92404191E431300333FE8 /* vector.h */,
			);
			path = Gumbo;
			sourceTree = "<group>";
		};
		4BF92416191E435F00333FE8 /* Resources */ = {
			isa = PBXGroup;
			children = (
				4BF92419191E438C00333FE8 /* grid */,
			);
			name = Resources;
			path = GridTableView/Resources;
			sourceTree = "<group>";
		};
		4BF92419191E438C00333FE8 /* grid */ = {
			isa = PBXGroup;
			children = (
				4BF9241B191E438C00333FE8 /* index.html */,
				4BF9241A191E438C00333FE8 /* grid.css */,
				4BB0CE1E19224EA5000ABA5C /* bootstrap.css */,
			);
			path = grid;
			sourceTree = "<group>";
		};
/* End PBXGroup section */

/* Begin PBXNativeTarget section */
		4BF92377191E2C3A00333FE8 /* GridTableView */ = {
			isa = PBXNativeTarget;
			buildConfigurationList = 4BF923AD191E2C3A00333FE8 /* Build configuration list for PBXNativeTarget "GridTableView" */;
			buildPhases = (
				4BF92374191E2C3A00333FE8 /* Sources */,
				4BF92375191E2C3A00333FE8 /* Frameworks */,
				4BF92376191E2C3A00333FE8 /* Resources */,
			);
			buildRules = (
			);
			dependencies = (
			);
			name = GridTableView;
			productName = GridTableView;
			productReference = 4BF92378191E2C3A00333FE8 /* GridTableView.app */;
			productType = "com.apple.product-type.application";
		};
		4BF9239B191E2C3A00333FE8 /* GridTableViewTests */ = {
			isa = PBXNativeTarget;
			buildConfigurationList = 4BF923B0191E2C3A00333FE8 /* Build configuration list for PBXNativeTarget "GridTableViewTests" */;
			buildPhases = (
				4BF92398191E2C3A00333FE8 /* Sources */,
				4BF92399191E2C3A00333FE8 /* Frameworks */,
				4BF9239A191E2C3A00333FE8 /* Resources */,
			);
			buildRules = (
			);
			dependencies = (
				4BF923A2191E2C3A00333FE8 /* PBXTargetDependency */,
			);
			name = GridTableViewTests;
			productName = GridTableViewTests;
			productReference = 4BF9239C191E2C3A00333FE8 /* GridTableViewTests.xctest */;
			productType = "com.apple.product-type.bundle.unit-test";
		};
/* End PBXNativeTarget section */

/* Begin PBXProject section */
		4BF92370191E2C3900333FE8 /* Project object */ = {
			isa = PBXProject;
			attributes = {
				LastUpgradeCheck = 0510;
				ORGANIZATIONNAME = "com.alibaba-inc";
				TargetAttributes = {
					4BF9239B191E2C3A00333FE8 = {
						TestTargetID = 4BF92377191E2C3A00333FE8;
					};
				};
			};
			buildConfigurationList = 4BF92373191E2C3900333FE8 /* Build configuration list for PBXProject "GridTableView" */;
			compatibilityVersion = "Xcode 3.2";
			developmentRegion = English;
			hasScannedForEncodings = 0;
			knownRegions = (
				en,
				Base,
			);
			mainGroup = 4BF9236F191E2C3900333FE8;
			productRefGroup = 4BF92379191E2C3A00333FE8 /* Products */;
			projectDirPath = "";
			projectRoot = "";
			targets = (
				4BF92377191E2C3A00333FE8 /* GridTableView */,
				4BF9239B191E2C3A00333FE8 /* GridTableViewTests */,
			);
		};
/* End PBXProject section */

/* Begin PBXResourcesBuildPhase section */
		4BF92376191E2C3A00333FE8 /* Resources */ = {
			isa = PBXResourcesBuildPhase;
			buildActionMask = 2147483647;
			files = (
				4BF92392191E2C3A00333FE8 /* Main_iPad.storyboard in Resources */,
				4BF9241C191E438C00333FE8 /* grid.css in Resources */,
				4BF92397191E2C3A00333FE8 /* Images.xcassets in Resources */,
				4BF9241D191E438C00333FE8 /* index.html in Resources */,
				4BB0CE1F19224EA5000ABA5C /* bootstrap.css in Resources */,
				4BF9238F191E2C3A00333FE8 /* Main_iPhone.storyboard in Resources */,
				4BF92386191E2C3A00333FE8 /* InfoPlist.strings in Resources */,
			);
			runOnlyForDeploymentPostprocessing = 0;
		};
		4BF9239A191E2C3A00333FE8 /* Resources */ = {
			isa = PBXResourcesBuildPhase;
			buildActionMask = 2147483647;
			files = (
				4BF923A8191E2C3A00333FE8 /* InfoPlist.strings in Resources */,
			);
			runOnlyForDeploymentPostprocessing = 0;
		};
/* End PBXResourcesBuildPhase section */

/* Begin PBXSourcesBuildPhase section */
		4BF92374191E2C3A00333FE8 /* Sources */ = {
			isa = PBXSourcesBuildPhase;
			buildActionMask = 2147483647;
			files = (
				4BF92411191E431300333FE8 /* utf8.c in Sources */,
				4BF9240F191E431300333FE8 /* tag.c in Sources */,
				4BF92415191E431300333FE8 /* OCGumbo.m in Sources */,
				4BF92395191E2C3A00333FE8 /* ViewController.m in Sources */,
				4BF9238C191E2C3A00333FE8 /* AppDelegate.m in Sources */,
				4BF92410191E431300333FE8 /* tokenizer.c in Sources */,
				4BF9240D191E431300333FE8 /* string_buffer.c in Sources */,
				4BF923BB191E3B1000333FE8 /* DynamicViewController.m in Sources */,
				4BF92414191E431300333FE8 /* OCGumbo+Query.m in Sources */,
				4BF9240B191E431300333FE8 /* error.c in Sources */,
				4BF92413191E431300333FE8 /* vector.c in Sources */,
				4BF92420191E4BBC00333FE8 /* ServiceTool.m in Sources */,
				4BF9240A191E431300333FE8 /* char_ref.c in Sources */,
				4BF92412191E431300333FE8 /* util.c in Sources */,
				4BF92409191E431300333FE8 /* attribute.c in Sources */,
				4BF9240E191E431300333FE8 /* string_piece.c in Sources */,
				4BF9240C191E431300333FE8 /* parser.c in Sources */,
				4BF92388191E2C3A00333FE8 /* main.m in Sources */,
			);
			runOnlyForDeploymentPostprocessing = 0;
		};
		4BF92398191E2C3A00333FE8 /* Sources */ = {
			isa = PBXSourcesBuildPhase;
			buildActionMask = 2147483647;
			files = (
				4BF923AA191E2C3A00333FE8 /* GridTableViewTests.m in Sources */,
			);
			runOnlyForDeploymentPostprocessing = 0;
		};
/* End PBXSourcesBuildPhase section */

/* Begin PBXTargetDependency section */
		4BF923A2191E2C3A00333FE8 /* PBXTargetDependency */ = {
			isa = PBXTargetDependency;
			target = 4BF92377191E2C3A00333FE8 /* GridTableView */;
			targetProxy = 4BF923A1191E2C3A00333FE8 /* PBXContainerItemProxy */;
		};
/* End PBXTargetDependency section */

/* Begin PBXVariantGroup section */
		4BF92384191E2C3A00333FE8 /* InfoPlist.strings */ = {
			isa = PBXVariantGroup;
			children = (
				4BF92385191E2C3A00333FE8 /* en */,
			);
			name = InfoPlist.strings;
			sourceTree = "<group>";
		};
		4BF9238D191E2C3A00333FE8 /* Main_iPhone.storyboard */ = {
			isa = PBXVariantGroup;
			children = (
				4BF9238E191E2C3A00333FE8 /* Base */,
			);
			name = Main_iPhone.storyboard;
			sourceTree = "<group>";
		};
		4BF92390191E2C3A00333FE8 /* Main_iPad.storyboard */ = {
			isa = PBXVariantGroup;
			children = (
				4BF92391191E2C3A00333FE8 /* Base */,
			);
			name = Main_iPad.storyboard;
			sourceTree = "<group>";
		};
		4BF923A6191E2C3A00333FE8 /* InfoPlist.strings */ = {
			isa = PBXVariantGroup;
			children = (
				4BF923A7191E2C3A00333FE8 /* en */,
			);
			name = InfoPlist.strings;
			sourceTree = "<group>";
		};
/* End PBXVariantGroup section */

/* Begin XCBuildConfiguration section */
		4BF923AB191E2C3A00333FE8 /* Debug */ = {
			isa = XCBuildConfiguration;
			buildSettings = {
				ALWAYS_SEARCH_USER_PATHS = NO;
				CLANG_CXX_LANGUAGE_STANDARD = "gnu++0x";
				CLANG_CXX_LIBRARY = "libc++";
				CLANG_ENABLE_MODULES = YES;
				CLANG_ENABLE_OBJC_ARC = YES;
				CLANG_WARN_BOOL_CONVERSION = YES;
				CLANG_WARN_CONSTANT_CONVERSION = YES;
				CLANG_WARN_DIRECT_OBJC_ISA_USAGE = YES_ERROR;
				CLANG_WARN_EMPTY_BODY = YES;
				CLANG_WARN_ENUM_CONVERSION = YES;
				CLANG_WARN_INT_CONVERSION = YES;
				CLANG_WARN_OBJC_ROOT_CLASS = YES_ERROR;
				CLANG_WARN__DUPLICATE_METHOD_MATCH = YES;
				"CODE_SIGN_IDENTITY[sdk=iphoneos*]" = "iPhone Developer";
				COPY_PHASE_STRIP = NO;
				GCC_C_LANGUAGE_STANDARD = gnu99;
				GCC_DYNAMIC_NO_PIC = NO;
				GCC_OPTIMIZATION_LEVEL = 0;
				GCC_PREPROCESSOR_DEFINITIONS = (
					"DEBUG=1",
					"$(inherited)",
				);
				GCC_SYMBOLS_PRIVATE_EXTERN = NO;
				GCC_WARN_64_TO_32_BIT_CONVERSION = YES;
				GCC_WARN_ABOUT_RETURN_TYPE = YES_ERROR;
				GCC_WARN_UNDECLARED_SELECTOR = YES;
				GCC_WARN_UNINITIALIZED_AUTOS = YES_AGGRESSIVE;
				GCC_WARN_UNUSED_FUNCTION = YES;
				GCC_WARN_UNUSED_VARIABLE = YES;
				IPHONEOS_DEPLOYMENT_TARGET = 7.1;
				ONLY_ACTIVE_ARCH = YES;
				SDKROOT = iphoneos;
				TARGETED_DEVICE_FAMILY = "1,2";
			};
			name = Debug;
		};
		4BF923AC191E2C3A00333FE8 /* Release */ = {
			isa = XCBuildConfiguration;
			buildSettings = {
				ALWAYS_SEARCH_USER_PATHS = NO;
				CLANG_CXX_LANGUAGE_STANDARD = "gnu++0x";
				CLANG_CXX_LIBRARY = "libc++";
				CLANG_ENABLE_MODULES = YES;
				CLANG_ENABLE_OBJC_ARC = YES;
				CLANG_WARN_BOOL_CONVERSION = YES;
				CLANG_WARN_CONSTANT_CONVERSION = YES;
				CLANG_WARN_DIRECT_OBJC_ISA_USAGE = YES_ERROR;
				CLANG_WARN_EMPTY_BODY = YES;
				CLANG_WARN_ENUM_CONVERSION = YES;
				CLANG_WARN_INT_CONVERSION = YES;
				CLANG_WARN_OBJC_ROOT_CLASS = YES_ERROR;
				CLANG_WARN__DUPLICATE_METHOD_MATCH = YES;
				"CODE_SIGN_IDENTITY[sdk=iphoneos*]" = "iPhone Developer";
				COPY_PHASE_STRIP = YES;
				ENABLE_NS_ASSERTIONS = NO;
				GCC_C_LANGUAGE_STANDARD = gnu99;
				GCC_WARN_64_TO_32_BIT_CONVERSION = YES;
				GCC_WARN_ABOUT_RETURN_TYPE = YES_ERROR;
				GCC_WARN_UNDECLARED_SELECTOR = YES;
				GCC_WARN_UNINITIALIZED_AUTOS = YES_AGGRESSIVE;
				GCC_WARN_UNUSED_FUNCTION = YES;
				GCC_WARN_UNUSED_VARIABLE = YES;
				IPHONEOS_DEPLOYMENT_TARGET = 7.1;
				SDKROOT = iphoneos;
				TARGETED_DEVICE_FAMILY = "1,2";
				VALIDATE_PRODUCT = YES;
			};
			name = Release;
		};
		4BF923AE191E2C3A00333FE8 /* Debug */ = {
			isa = XCBuildConfiguration;
			buildSettings = {
				ASSETCATALOG_COMPILER_APPICON_NAME = AppIcon;
				ASSETCATALOG_COMPILER_LAUNCHIMAGE_NAME = LaunchImage;
				GCC_PRECOMPILE_PREFIX_HEADER = YES;
				GCC_PREFIX_HEADER = "GridTableView/GridTableView-Prefix.pch";
				INFOPLIST_FILE = "GridTableView/GridTableView-Info.plist";
				PRODUCT_NAME = "$(TARGET_NAME)";
				WRAPPER_EXTENSION = app;
			};
			name = Debug;
		};
		4BF923AF191E2C3A00333FE8 /* Release */ = {
			isa = XCBuildConfiguration;
			buildSettings = {
				ASSETCATALOG_COMPILER_APPICON_NAME = AppIcon;
				ASSETCATALOG_COMPILER_LAUNCHIMAGE_NAME = LaunchImage;
				GCC_PRECOMPILE_PREFIX_HEADER = YES;
				GCC_PREFIX_HEADER = "GridTableView/GridTableView-Prefix.pch";
				INFOPLIST_FILE = "GridTableView/GridTableView-Info.plist";
				PRODUCT_NAME = "$(TARGET_NAME)";
				WRAPPER_EXTENSION = app;
			};
			name = Release;
		};
		4BF923B1191E2C3A00333FE8 /* Debug */ = {
			isa = XCBuildConfiguration;
			buildSettings = {
				BUNDLE_LOADER = "$(BUILT_PRODUCTS_DIR)/GridTableView.app/GridTableView";
				FRAMEWORK_SEARCH_PATHS = (
					"$(SDKROOT)/Developer/Library/Frameworks",
					"$(inherited)",
					"$(DEVELOPER_FRAMEWORKS_DIR)",
				);
				GCC_PRECOMPILE_PREFIX_HEADER = YES;
				GCC_PREFIX_HEADER = "GridTableView/GridTableView-Prefix.pch";
				GCC_PREPROCESSOR_DEFINITIONS = (
					"DEBUG=1",
					"$(inherited)",
				);
				INFOPLIST_FILE = "GridTableViewTests/GridTableViewTests-Info.plist";
				PRODUCT_NAME = "$(TARGET_NAME)";
				TEST_HOST = "$(BUNDLE_LOADER)";
				WRAPPER_EXTENSION = xctest;
			};
			name = Debug;
		};
		4BF923B2191E2C3A00333FE8 /* Release */ = {
			isa = XCBuildConfiguration;
			buildSettings = {
				BUNDLE_LOADER = "$(BUILT_PRODUCTS_DIR)/GridTableView.app/GridTableView";
				FRAMEWORK_SEARCH_PATHS = (
					"$(SDKROOT)/Developer/Library/Frameworks",
					"$(inherited)",
					"$(DEVELOPER_FRAMEWORKS_DIR)",
				);
				GCC_PRECOMPILE_PREFIX_HEADER = YES;
				GCC_PREFIX_HEADER = "GridTableView/GridTableView-Prefix.pch";
				INFOPLIST_FILE = "GridTableViewTests/GridTableViewTests-Info.plist";
				PRODUCT_NAME = "$(TARGET_NAME)";
				TEST_HOST = "$(BUNDLE_LOADER)";
				WRAPPER_EXTENSION = xctest;
			};
			name = Release;
		};
/* End XCBuildConfiguration section */

/* Begin XCConfigurationList section */
		4BF92373191E2C3900333FE8 /* Build configuration list for PBXProject "GridTableView" */ = {
			isa = XCConfigurationList;
			buildConfigurations = (
				4BF923AB191E2C3A00333FE8 /* Debug */,
				4BF923AC191E2C3A00333FE8 /* Release */,
			);
			defaultConfigurationIsVisible = 0;
			defaultConfigurationName = Release;
		};
		4BF923AD191E2C3A00333FE8 /* Build configuration list for PBXNativeTarget "GridTableView" */ = {
			isa = XCConfigurationList;
			buildConfigurations = (
				4BF923AE191E2C3A00333FE8 /* Debug */,
				4BF923AF191E2C3A00333FE8 /* Release */,
			);
			defaultConfigurationIsVisible = 0;
			defaultConfigurationName = Release;
		};
		4BF923B0191E2C3A00333FE8 /* Build configuration list for PBXNativeTarget "GridTableViewTests" */ = {
			isa = XCConfigurationList;
			buildConfigurations = (
				4BF923B1191E2C3A00333FE8 /* Debug */,
				4BF923B2191E2C3A00333FE8 /* Release */,
			);
			defaultConfigurationIsVisible = 0;
			defaultConfigurationName = Release;
		};
/* End XCConfigurationList section */
	};
	rootObject = 4BF92370191E2C3900333FE8 /* Project object */;
}
